// !$*UTF8*$!
{
	archiveVersion = 1;
	classes = {
	};
	objectVersion = 55;
	objects = {

/* Begin PBXBuildFile section */
		C47B57372A2C60CD00D0E8A5 /* EmpowerAbilityApp.swift in Sources */ = {isa = PBXBuildFile; fileRef = C47B57362A2C60CD00D0E8A5 /* EmpowerAbilityApp.swift */; };
		C47B573B2A2C60D000D0E8A5 /* Assets.xcassets in Resources */ = {isa = PBXBuildFile; fileRef = C47B573A2A2C60D000D0E8A5 /* Assets.xcassets */; };
		C47B573E2A2C60D000D0E8A5 /* Preview Assets.xcassets in Resources */ = {isa = PBXBuildFile; fileRef = C47B573D2A2C60D000D0E8A5 /* Preview Assets.xcassets */; };
		C47B57482A2C60D100D0E8A5 /* EmpowerAbilityTests.swift in Sources */ = {isa = PBXBuildFile; fileRef = C47B57472A2C60D100D0E8A5 /* EmpowerAbilityTests.swift */; };
		C47B57522A2C60D100D0E8A5 /* EmpowerAbilityUITests.swift in Sources */ = {isa = PBXBuildFile; fileRef = C47B57512A2C60D100D0E8A5 /* EmpowerAbilityUITests.swift */; };
		C47B57542A2C60D100D0E8A5 /* EmpowerAbilityUITestsLaunchTests.swift in Sources */ = {isa = PBXBuildFile; fileRef = C47B57532A2C60D100D0E8A5 /* EmpowerAbilityUITestsLaunchTests.swift */; };
		C47B57662A2C617C00D0E8A5 /* TextToSpeech.swift in Sources */ = {isa = PBXBuildFile; fileRef = C47B57612A2C617C00D0E8A5 /* TextToSpeech.swift */; };
		C47B57682A2C617C00D0E8A5 /* Resources.swift in Sources */ = {isa = PBXBuildFile; fileRef = C47B57632A2C617C00D0E8A5 /* Resources.swift */; };
		C481D2A02A2CD91E00B91A21 /* SignLang.swift in Sources */ = {isa = PBXBuildFile; fileRef = C481D29F2A2CD91E00B91A21 /* SignLang.swift */; };
		C4E29E792A4A8B1200D6F6B6 /* ContentView.swift in Sources */ = {isa = PBXBuildFile; fileRef = C4E29E782A4A8B1200D6F6B6 /* ContentView.swift */; };
/* End PBXBuildFile section */

/* Begin PBXContainerItemProxy section */
		C47B57442A2C60D100D0E8A5 /* PBXContainerItemProxy */ = {
			isa = PBXContainerItemProxy;
			containerPortal = C47B572B2A2C60CD00D0E8A5 /* Project object */;
			proxyType = 1;
			remoteGlobalIDString = C47B57322A2C60CD00D0E8A5;
			remoteInfo = EmpowerAbility;
		};
		C47B574E2A2C60D100D0E8A5 /* PBXContainerItemProxy */ = {
			isa = PBXContainerItemProxy;
			containerPortal = C47B572B2A2C60CD00D0E8A5 /* Project object */;
			proxyType = 1;
			remoteGlobalIDString = C47B57322A2C60CD00D0E8A5;
			remoteInfo = EmpowerAbility;
		};
/* End PBXContainerItemProxy section */

/* Begin PBXFileReference section */
		C47B57332A2C60CD00D0E8A5 /* EmpowerAbility.app */ = {isa = PBXFileReference; explicitFileType = wrapper.application; includeInIndex = 0; path = EmpowerAbility.app; sourceTree = BUILT_PRODUCTS_DIR; };
		C47B57362A2C60CD00D0E8A5 /* EmpowerAbilityApp.swift */ = {isa = PBXFileReference; lastKnownFileType = sourcecode.swift; path = EmpowerAbilityApp.swift; sourceTree = "<group>"; };
		C47B573A2A2C60D000D0E8A5 /* Assets.xcassets */ = {isa = PBXFileReference; lastKnownFileType = folder.assetcatalog; path = Assets.xcassets; sourceTree = "<group>"; };
		C47B573D2A2C60D000D0E8A5 /* Preview Assets.xcassets */ = {isa = PBXFileReference; lastKnownFileType = folder.assetcatalog; path = "Preview Assets.xcassets"; sourceTree = "<group>"; };
		C47B57432A2C60D100D0E8A5 /* EmpowerAbilityTests.xctest */ = {isa = PBXFileReference; explicitFileType = wrapper.cfbundle; includeInIndex = 0; path = EmpowerAbilityTests.xctest; sourceTree = BUILT_PRODUCTS_DIR; };
		C47B57472A2C60D100D0E8A5 /* EmpowerAbilityTests.swift */ = {isa = PBXFileReference; lastKnownFileType = sourcecode.swift; path = EmpowerAbilityTests.swift; sourceTree = "<group>"; };
		C47B574D2A2C60D100D0E8A5 /* EmpowerAbilityUITests.xctest */ = {isa = PBXFileReference; explicitFileType = wrapper.cfbundle; includeInIndex = 0; path = EmpowerAbilityUITests.xctest; sourceTree = BUILT_PRODUCTS_DIR; };
		C47B57512A2C60D100D0E8A5 /* EmpowerAbilityUITests.swift */ = {isa = PBXFileReference; lastKnownFileType = sourcecode.swift; path = EmpowerAbilityUITests.swift; sourceTree = "<group>"; };
		C47B57532A2C60D100D0E8A5 /* EmpowerAbilityUITestsLaunchTests.swift */ = {isa = PBXFileReference; lastKnownFileType = sourcecode.swift; path = EmpowerAbilityUITestsLaunchTests.swift; sourceTree = "<group>"; };
		C47B57612A2C617C00D0E8A5 /* TextToSpeech.swift */ = {isa = PBXFileReference; fileEncoding = 4; lastKnownFileType = sourcecode.swift; path = TextToSpeech.swift; sourceTree = "<group>"; };
		C47B57632A2C617C00D0E8A5 /* Resources.swift */ = {isa = PBXFileReference; fileEncoding = 4; lastKnownFileType = sourcecode.swift; path = Resources.swift; sourceTree = "<group>"; };
		C481D29F2A2CD91E00B91A21 /* SignLang.swift */ = {isa = PBXFileReference; lastKnownFileType = sourcecode.swift; path = SignLang.swift; sourceTree = "<group>"; };
		C4E29E782A4A8B1200D6F6B6 /* ContentView.swift */ = {isa = PBXFileReference; lastKnownFileType = sourcecode.swift; path = ContentView.swift; sourceTree = "<group>"; };
/* End PBXFileReference section */

/* Begin PBXFrameworksBuildPhase section */
		C47B57302A2C60CD00D0E8A5 /* Frameworks */ = {
			isa = PBXFrameworksBuildPhase;
			buildActionMask = 2147483647;
			files = (
			);
			runOnlyForDeploymentPostprocessing = 0;
		};
		C47B57402A2C60D100D0E8A5 /* Frameworks */ = {
			isa = PBXFrameworksBuildPhase;
			buildActionMask = 2147483647;
			files = (
			);
			runOnlyForDeploymentPostprocessing = 0;
		};
		C47B574A2A2C60D100D0E8A5 /* Frameworks */ = {
			isa = PBXFrameworksBuildPhase;
			buildActionMask = 2147483647;
			files = (
			);
			runOnlyForDeploymentPostprocessing = 0;
		};
/* End PBXFrameworksBuildPhase section */

/* Begin PBXGroup section */
		C47B572A2A2C60CD00D0E8A5 = {
			isa = PBXGroup;
			children = (
				C47B57352A2C60CD00D0E8A5 /* EmpowerAbility */,
				C47B57462A2C60D100D0E8A5 /* EmpowerAbilityTests */,
				C47B57502A2C60D100D0E8A5 /* EmpowerAbilityUITests */,
				C47B57342A2C60CD00D0E8A5 /* Products */,
			);
			sourceTree = "<group>";
		};
		C47B57342A2C60CD00D0E8A5 /* Products */ = {
			isa = PBXGroup;
			children = (
				C47B57332A2C60CD00D0E8A5 /* EmpowerAbility.app */,
				C47B57432A2C60D100D0E8A5 /* EmpowerAbilityTests.xctest */,
				C47B574D2A2C60D100D0E8A5 /* EmpowerAbilityUITests.xctest */,
			);
			name = Products;
			sourceTree = "<group>";
		};
		C47B57352A2C60CD00D0E8A5 /* EmpowerAbility */ = {
			isa = PBXGroup;
			children = (
				C4E29E782A4A8B1200D6F6B6 /* ContentView.swift */,
				C481D29F2A2CD91E00B91A21 /* SignLang.swift */,
				C47B57612A2C617C00D0E8A5 /* TextToSpeech.swift */,
				C47B57632A2C617C00D0E8A5 /* Resources.swift */,
				C47B57362A2C60CD00D0E8A5 /* EmpowerAbilityApp.swift */,
				C47B573A2A2C60D000D0E8A5 /* Assets.xcassets */,
				C47B573C2A2C60D000D0E8A5 /* Preview Content */,
			);
			path = EmpowerAbility;
			sourceTree = "<group>";
		};
		C47B573C2A2C60D000D0E8A5 /* Preview Content */ = {
			isa = PBXGroup;
			children = (
				C47B573D2A2C60D000D0E8A5 /* Preview Assets.xcassets */,
			);
			path = "Preview Content";
			sourceTree = "<group>";
		};
		C47B57462A2C60D100D0E8A5 /* EmpowerAbilityTests */ = {
			isa = PBXGroup;
			children = (
				C47B57472A2C60D100D0E8A5 /* EmpowerAbilityTests.swift */,
			);
			path = EmpowerAbilityTests;
			sourceTree = "<group>";
		};
		C47B57502A2C60D100D0E8A5 /* EmpowerAbilityUITests */ = {
			isa = PBXGroup;
			children = (
				C47B57512A2C60D100D0E8A5 /* EmpowerAbilityUITests.swift */,
				C47B57532A2C60D100D0E8A5 /* EmpowerAbilityUITestsLaunchTests.swift */,
			);
			path = EmpowerAbilityUITests;
			sourceTree = "<group>";
		};
/* End PBXGroup section */

/* Begin PBXNativeTarget section */
		C47B57322A2C60CD00D0E8A5 /* EmpowerAbility */ = {
			isa = PBXNativeTarget;
			buildConfigurationList = C47B57572A2C60D100D0E8A5 /* Build configuration list for PBXNativeTarget "EmpowerAbility" */;
			buildPhases = (
				C47B572F2A2C60CD00D0E8A5 /* Sources */,
				C47B57302A2C60CD00D0E8A5 /* Frameworks */,
				C47B57312A2C60CD00D0E8A5 /* Resources */,
			);
			buildRules = (
			);
			dependencies = (
			);
			name = EmpowerAbility;
			productName = EmpowerAbility;
			productReference = C47B57332A2C60CD00D0E8A5 /* EmpowerAbility.app */;
			productType = "com.apple.product-type.application";
		};
		C47B57422A2C60D100D0E8A5 /* EmpowerAbilityTests */ = {
			isa = PBXNativeTarget;
			buildConfigurationList = C47B575A2A2C60D100D0E8A5 /* Build configuration list for PBXNativeTarget "EmpowerAbilityTests" */;
			buildPhases = (
				C47B573F2A2C60D100D0E8A5 /* Sources */,
				C47B57402A2C60D100D0E8A5 /* Frameworks */,
				C47B57412A2C60D100D0E8A5 /* Resources */,
			);
			buildRules = (
			);
			dependencies = (
				C47B57452A2C60D100D0E8A5 /* PBXTargetDependency */,
			);
			name = EmpowerAbilityTests;
			productName = EmpowerAbilityTests;
			productReference = C47B57432A2C60D100D0E8A5 /* EmpowerAbilityTests.xctest */;
			productType = "com.apple.product-type.bundle.unit-test";
		};
		C47B574C2A2C60D100D0E8A5 /* EmpowerAbilityUITests */ = {
			isa = PBXNativeTarget;
			buildConfigurationList = C47B575D2A2C60D100D0E8A5 /* Build configuration list for PBXNativeTarget "EmpowerAbilityUITests" */;
			buildPhases = (
				C47B57492A2C60D100D0E8A5 /* Sources */,
				C47B574A2A2C60D100D0E8A5 /* Frameworks */,
				C47B574B2A2C60D100D0E8A5 /* Resources */,
			);
			buildRules = (
			);
			dependencies = (
				C47B574F2A2C60D100D0E8A5 /* PBXTargetDependency */,
			);
			name = EmpowerAbilityUITests;
			productName = EmpowerAbilityUITests;
			productReference = C47B574D2A2C60D100D0E8A5 /* EmpowerAbilityUITests.xctest */;
			productType = "com.apple.product-type.bundle.ui-testing";
		};
/* End PBXNativeTarget section */

/* Begin PBXProject section */
		C47B572B2A2C60CD00D0E8A5 /* Project object */ = {
			isa = PBXProject;
			attributes = {
				BuildIndependentTargetsInParallel = 1;
				LastSwiftUpdateCheck = 1340;
				LastUpgradeCheck = 1340;
				TargetAttributes = {
					C47B57322A2C60CD00D0E8A5 = {
						CreatedOnToolsVersion = 13.4.1;
					};
					C47B57422A2C60D100D0E8A5 = {
						CreatedOnToolsVersion = 13.4.1;
						TestTargetID = C47B57322A2C60CD00D0E8A5;
					};
					C47B574C2A2C60D100D0E8A5 = {
						CreatedOnToolsVersion = 13.4.1;
						TestTargetID = C47B57322A2C60CD00D0E8A5;
					};
				};
			};
			buildConfigurationList = C47B572E2A2C60CD00D0E8A5 /* Build configuration list for PBXProject "EmpowerAbility" */;
			compatibilityVersion = "Xcode 13.0";
			developmentRegion = en;
			hasScannedForEncodings = 0;
			knownRegions = (
				en,
				Base,
			);
			mainGroup = C47B572A2A2C60CD00D0E8A5;
			productRefGroup = C47B57342A2C60CD00D0E8A5 /* Products */;
			projectDirPath = "";
			projectRoot = "";
			targets = (
				C47B57322A2C60CD00D0E8A5 /* EmpowerAbility */,
				C47B57422A2C60D100D0E8A5 /* EmpowerAbilityTests */,
				C47B574C2A2C60D100D0E8A5 /* EmpowerAbilityUITests */,
			);
		};
/* End PBXProject section */

/* Begin PBXResourcesBuildPhase section */
		C47B57312A2C60CD00D0E8A5 /* Resources */ = {
			isa = PBXResourcesBuildPhase;
			buildActionMask = 2147483647;
			files = (
				C47B573E2A2C60D000D0E8A5 /* Preview Assets.xcassets in Resources */,
				C47B573B2A2C60D000D0E8A5 /* Assets.xcassets in Resources */,
			);
			runOnlyForDeploymentPostprocessing = 0;
		};
		C47B57412A2C60D100D0E8A5 /* Resources */ = {
			isa = PBXResourcesBuildPhase;
			buildActionMask = 2147483647;
			files = (
			);
			runOnlyForDeploymentPostprocessing = 0;
		};
		C47B574B2A2C60D100D0E8A5 /* Resources */ = {
			isa = PBXResourcesBuildPhase;
			buildActionMask = 2147483647;
			files = (
			);
			runOnlyForDeploymentPostprocessing = 0;
		};
/* End PBXResourcesBuildPhase section */

/* Begin PBXSourcesBuildPhase section */
		C47B572F2A2C60CD00D0E8A5 /* Sources */ = {
			isa = PBXSourcesBuildPhase;
			buildActionMask = 2147483647;
			files = (
				C47B57372A2C60CD00D0E8A5 /* EmpowerAbilityApp.swift in Sources */,
				C4E29E792A4A8B1200D6F6B6 /* ContentView.swift in Sources */,
				C481D2A02A2CD91E00B91A21 /* SignLang.swift in Sources */,
				C47B57682A2C617C00D0E8A5 /* Resources.swift in Sources */,
				C47B57662A2C617C00D0E8A5 /* TextToSpeech.swift in Sources */,
			);
			runOnlyForDeploymentPostprocessing = 0;
		};
		C47B573F2A2C60D100D0E8A5 /* Sources */ = {
			isa = PBXSourcesBuildPhase;
			buildActionMask = 2147483647;
			files = (
				C47B57482A2C60D100D0E8A5 /* EmpowerAbilityTests.swift in Sources */,
			);
			runOnlyForDeploymentPostprocessing = 0;
		};
		C47B57492A2C60D100D0E8A5 /* Sources */ = {
			isa = PBXSourcesBuildPhase;
			buildActionMask = 2147483647;
			files = (
				C47B57522A2C60D100D0E8A5 /* EmpowerAbilityUITests.swift in Sources */,
				C47B57542A2C60D100D0E8A5 /* EmpowerAbilityUITestsLaunchTests.swift in Sources */,
			);
			runOnlyForDeploymentPostprocessing = 0;
		};
/* End PBXSourcesBuildPhase section */

/* Begin PBXTargetDependency section */
		C47B57452A2C60D100D0E8A5 /* PBXTargetDependency */ = {
			isa = PBXTargetDependency;
			target = C47B57322A2C60CD00D0E8A5 /* EmpowerAbility */;
			targetProxy = C47B57442A2C60D100D0E8A5 /* PBXContainerItemProxy */;
		};
		C47B574F2A2C60D100D0E8A5 /* PBXTargetDependency */ = {
			isa = PBXTargetDependency;
			target = C47B57322A2C60CD00D0E8A5 /* EmpowerAbility */;
			targetProxy = C47B574E2A2C60D100D0E8A5 /* PBXContainerItemProxy */;
		};
/* End PBXTargetDependency section */

/* Begin XCBuildConfiguration section */
		C47B57552A2C60D100D0E8A5 /* Debug */ = {
			isa = XCBuildConfiguration;
			buildSettings = {
				ALWAYS_SEARCH_USER_PATHS = NO;
				CLANG_ANALYZER_NONNULL = YES;
				CLANG_ANALYZER_NUMBER_OBJECT_CONVERSION = YES_AGGRESSIVE;
				CLANG_CXX_LANGUAGE_STANDARD = "gnu++17";
				CLANG_ENABLE_MODULES = YES;
				CLANG_ENABLE_OBJC_ARC = YES;
				CLANG_ENABLE_OBJC_WEAK = YES;
				CLANG_WARN_BLOCK_CAPTURE_AUTORELEASING = YES;
				CLANG_WARN_BOOL_CONVERSION = YES;
				CLANG_WARN_COMMA = YES;
				CLANG_WARN_CONSTANT_CONVERSION = YES;
				CLANG_WARN_DEPRECATED_OBJC_IMPLEMENTATIONS = YES;
				CLANG_WARN_DIRECT_OBJC_ISA_USAGE = YES_ERROR;
				CLANG_WARN_DOCUMENTATION_COMMENTS = YES;
				CLANG_WARN_EMPTY_BODY = YES;
				CLANG_WARN_ENUM_CONVERSION = YES;
				CLANG_WARN_INFINITE_RECURSION = YES;
				CLANG_WARN_INT_CONVERSION = YES;
				CLANG_WARN_NON_LITERAL_NULL_CONVERSION = YES;
				CLANG_WARN_OBJC_IMPLICIT_RETAIN_SELF = YES;
				CLANG_WARN_OBJC_LITERAL_CONVERSION = YES;
				CLANG_WARN_OBJC_ROOT_CLASS = YES_ERROR;
				CLANG_WARN_QUOTED_INCLUDE_IN_FRAMEWORK_HEADER = YES;
				CLANG_WARN_RANGE_LOOP_ANALYSIS = YES;
				CLANG_WARN_STRICT_PROTOTYPES = YES;
				CLANG_WARN_SUSPICIOUS_MOVE = YES;
				CLANG_WARN_UNGUARDED_AVAILABILITY = YES_AGGRESSIVE;
				CLANG_WARN_UNREACHABLE_CODE = YES;
				CLANG_WARN__DUPLICATE_METHOD_MATCH = YES;
				COPY_PHASE_STRIP = NO;
				DEBUG_INFORMATION_FORMAT = dwarf;
				ENABLE_STRICT_OBJC_MSGSEND = YES;
				ENABLE_TESTABILITY = YES;
				GCC_C_LANGUAGE_STANDARD = gnu11;
				GCC_DYNAMIC_NO_PIC = NO;
				GCC_NO_COMMON_BLOCKS = YES;
				GCC_OPTIMIZATION_LEVEL = 0;
				GCC_PREPROCESSOR_DEFINITIONS = (
					"DEBUG=1",
					"$(inherited)",
				);
				GCC_WARN_64_TO_32_BIT_CONVERSION = YES;
				GCC_WARN_ABOUT_RETURN_TYPE = YES_ERROR;
				GCC_WARN_UNDECLARED_SELECTOR = YES;
				GCC_WARN_UNINITIALIZED_AUTOS = YES_AGGRESSIVE;
				GCC_WARN_UNUSED_FUNCTION = YES;
				GCC_WARN_UNUSED_VARIABLE = YES;
				IPHONEOS_DEPLOYMENT_TARGET = 15.5;
				MTL_ENABLE_DEBUG_INFO = INCLUDE_SOURCE;
				MTL_FAST_MATH = YES;
				ONLY_ACTIVE_ARCH = YES;
				SDKROOT = iphoneos;
				SWIFT_ACTIVE_COMPILATION_CONDITIONS = DEBUG;
				SWIFT_OPTIMIZATION_LEVEL = "-Onone";
			};
			name = Debug;
		};
		C47B57562A2C60D100D0E8A5 /* Release */ = {
			isa = XCBuildConfiguration;
			buildSettings = {
				ALWAYS_SEARCH_USER_PATHS = NO;
				CLANG_ANALYZER_NONNULL = YES;
				CLANG_ANALYZER_NUMBER_OBJECT_CONVERSION = YES_AGGRESSIVE;
				CLANG_CXX_LANGUAGE_STANDARD = "gnu++17";
				CLANG_ENABLE_MODULES = YES;
				CLANG_ENABLE_OBJC_ARC = YES;
				CLANG_ENABLE_OBJC_WEAK = YES;
				CLANG_WARN_BLOCK_CAPTURE_AUTORELEASING = YES;
				CLANG_WARN_BOOL_CONVERSION = YES;
				CLANG_WARN_COMMA = YES;
				CLANG_WARN_CONSTANT_CONVERSION = YES;
				CLANG_WARN_DEPRECATED_OBJC_IMPLEMENTATIONS = YES;
				CLANG_WARN_DIRECT_OBJC_ISA_USAGE = YES_ERROR;
				CLANG_WARN_DOCUMENTATION_COMMENTS = YES;
				CLANG_WARN_EMPTY_BODY = YES;
				CLANG_WARN_ENUM_CONVERSION = YES;
				CLANG_WARN_INFINITE_RECURSION = YES;
				CLANG_WARN_INT_CONVERSION = YES;
				CLANG_WARN_NON_LITERAL_NULL_CONVERSION = YES;
				CLANG_WARN_OBJC_IMPLICIT_RETAIN_SELF = YES;
				CLANG_WARN_OBJC_LITERAL_CONVERSION = YES;
				CLANG_WARN_OBJC_ROOT_CLASS = YES_ERROR;
				CLANG_WARN_QUOTED_INCLUDE_IN_FRAMEWORK_HEADER = YES;
				CLANG_WARN_RANGE_LOOP_ANALYSIS = YES;
				CLANG_WARN_STRICT_PROTOTYPES = YES;
				CLANG_WARN_SUSPICIOUS_MOVE = YES;
				CLANG_WARN_UNGUARDED_AVAILABILITY = YES_AGGRESSIVE;
				CLANG_WARN_UNREACHABLE_CODE = YES;
				CLANG_WARN__DUPLICATE_METHOD_MATCH = YES;
				COPY_PHASE_STRIP = NO;
				DEBUG_INFORMATION_FORMAT = "dwarf-with-dsym";
				ENABLE_NS_ASSERTIONS = NO;
				ENABLE_STRICT_OBJC_MSGSEND = YES;
				GCC_C_LANGUAGE_STANDARD = gnu11;
				GCC_NO_COMMON_BLOCKS = YES;
				GCC_WARN_64_TO_32_BIT_CONVERSION = YES;
				GCC_WARN_ABOUT_RETURN_TYPE = YES_ERROR;
				GCC_WARN_UNDECLARED_SELECTOR = YES;
				GCC_WARN_UNINITIALIZED_AUTOS = YES_AGGRESSIVE;
				GCC_WARN_UNUSED_FUNCTION = YES;
				GCC_WARN_UNUSED_VARIABLE = YES;
				IPHONEOS_DEPLOYMENT_TARGET = 15.5;
				MTL_ENABLE_DEBUG_INFO = NO;
				MTL_FAST_MATH = YES;
				SDKROOT = iphoneos;
				SWIFT_COMPILATION_MODE = wholemodule;
				SWIFT_OPTIMIZATION_LEVEL = "-O";
				VALIDATE_PRODUCT = YES;
			};
			name = Release;
		};
		C47B57582A2C60D100D0E8A5 /* Debug */ = {
			isa = XCBuildConfiguration;
			buildSettings = {
				ASSETCATALOG_COMPILER_APPICON_NAME = AppIcon;
				ASSETCATALOG_COMPILER_GLOBAL_ACCENT_COLOR_NAME = AccentColor;
				CODE_SIGN_STYLE = Automatic;
				CURRENT_PROJECT_VERSION = 1;
				DEVELOPMENT_ASSET_PATHS = "\"EmpowerAbility/Preview Content\"";
				ENABLE_PREVIEWS = YES;
				GENERATE_INFOPLIST_FILE = YES;
				INFOPLIST_KEY_UIApplicationSceneManifest_Generation = YES;
				INFOPLIST_KEY_UIApplicationSupportsIndirectInputEvents = YES;
				INFOPLIST_KEY_UILaunchScreen_Generation = YES;
				INFOPLIST_KEY_UISupportedInterfaceOrientations_iPad = "UIInterfaceOrientationPortrait UIInterfaceOrientationPortraitUpsideDown UIInterfaceOrientationLandscapeLeft UIInterfaceOrientationLandscapeRight";
				INFOPLIST_KEY_UISupportedInterfaceOrientations_iPhone = "UIInterfaceOrientationPortrait UIInterfaceOrientationLandscapeLeft UIInterfaceOrientationLandscapeRight";
				LD_RUNPATH_SEARCH_PATHS = (
					"$(inherited)",
					"@executable_path/Frameworks",
				);
				MARKETING_VERSION = 1.0;
				PRODUCT_BUNDLE_IDENTIFIER = app.EmpowerAbility;
				PRODUCT_NAME = "$(TARGET_NAME)";
				SWIFT_EMIT_LOC_STRINGS = YES;
				SWIFT_VERSION = 5.0;
				TARGETED_DEVICE_FAMILY = "1,2";
			};
			name = Debug;
		};
		C47B57592A2C60D100D0E8A5 /* Release */ = {
			isa = XCBuildConfiguration;
			buildSettings = {
				ASSETCATALOG_COMPILER_APPICON_NAME = AppIcon;
				ASSETCATALOG_COMPILER_GLOBAL_ACCENT_COLOR_NAME = AccentColor;
				CODE_SIGN_STYLE = Automatic;
				CURRENT_PROJECT_VERSION = 1;
				DEVELOPMENT_ASSET_PATHS = "\"EmpowerAbility/Preview Content\"";
				ENABLE_PREVIEWS = YES;
				GENERATE_INFOPLIST_FILE = YES;
				INFOPLIST_KEY_UIApplicationSceneManifest_Generation = YES;
				INFOPLIST_KEY_UIApplicationSupportsIndirectInputEvents = YES;
				INFOPLIST_KEY_UILaunchScreen_Generation = YES;
				INFOPLIST_KEY_UISupportedInterfaceOrientations_iPad = "UIInterfaceOrientationPortrait UIInterfaceOrientationPortraitUpsideDown UIInterfaceOrientationLandscapeLeft UIInterfaceOrientationLandscapeRight";
				INFOPLIST_KEY_UISupportedInterfaceOrientations_iPhone = "UIInterfaceOrientationPortrait UIInterfaceOrientationLandscapeLeft UIInterfaceOrientationLandscapeRight";
				LD_RUNPATH_SEARCH_PATHS = (
					"$(inherited)",
					"@executable_path/Frameworks",
				);
				MARKETING_VERSION = 1.0;
				PRODUCT_BUNDLE_IDENTIFIER = app.EmpowerAbility;
				PRODUCT_NAME = "$(TARGET_NAME)";
				SWIFT_EMIT_LOC_STRINGS = YES;
				SWIFT_VERSION = 5.0;
				TARGETED_DEVICE_FAMILY = "1,2";
			};
			name = Release;
		};
		C47B575B2A2C60D100D0E8A5 /* Debug */ = {
			isa = XCBuildConfiguration;
			buildSettings = {
				ALWAYS_EMBED_SWIFT_STANDARD_LIBRARIES = YES;
				BUNDLE_LOADER = "$(TEST_HOST)";
				CODE_SIGN_STYLE = Automatic;
				CURRENT_PROJECT_VERSION = 1;
				GENERATE_INFOPLIST_FILE = YES;
				IPHONEOS_DEPLOYMENT_TARGET = 15.5;
				MARKETING_VERSION = 1.0;
				PRODUCT_BUNDLE_IDENTIFIER = app.EmpowerAbilityTests;
				PRODUCT_NAME = "$(TARGET_NAME)";
				SWIFT_EMIT_LOC_STRINGS = NO;
				SWIFT_VERSION = 5.0;
				TARGETED_DEVICE_FAMILY = "1,2";
				TEST_HOST = "$(BUILT_PRODUCTS_DIR)/EmpowerAbility.app/EmpowerAbility";
			};
			name = Debug;
		};
		C47B575C2A2C60D100D0E8A5 /* Release */ = {
			isa = XCBuildConfiguration;
			buildSettings = {
				ALWAYS_EMBED_SWIFT_STANDARD_LIBRARIES = YES;
				BUNDLE_LOADER = "$(TEST_HOST)";
				CODE_SIGN_STYLE = Automatic;
				CURRENT_PROJECT_VERSION = 1;
				GENERATE_INFOPLIST_FILE = YES;
				IPHONEOS_DEPLOYMENT_TARGET = 15.5;
				MARKETING_VERSION = 1.0;
				PRODUCT_BUNDLE_IDENTIFIER = app.EmpowerAbilityTests;
				PRODUCT_NAME = "$(TARGET_NAME)";
				SWIFT_EMIT_LOC_STRINGS = NO;
				SWIFT_VERSION = 5.0;
				TARGETED_DEVICE_FAMILY = "1,2";
				TEST_HOST = "$(BUILT_PRODUCTS_DIR)/EmpowerAbility.app/EmpowerAbility";
			};
			name = Release;
		};
		C47B575E2A2C60D100D0E8A5 /* Debug */ = {
			isa = XCBuildConfiguration;
			buildSettings = {
				ALWAYS_EMBED_SWIFT_STANDARD_LIBRARIES = YES;
				CODE_SIGN_STYLE = Automatic;
				CURRENT_PROJECT_VERSION = 1;
				GENERATE_INFOPLIST_FILE = YES;
				MARKETING_VERSION = 1.0;
				PRODUCT_BUNDLE_IDENTIFIER = app.EmpowerAbilityUITests;
				PRODUCT_NAME = "$(TARGET_NAME)";
				SWIFT_EMIT_LOC_STRINGS = NO;
				SWIFT_VERSION = 5.0;
				TARGETED_DEVICE_FAMILY = "1,2";
				TEST_TARGET_NAME = EmpowerAbility;
			};
			name = Debug;
		};
		C47B575F2A2C60D100D0E8A5 /* Release */ = {
			isa = XCBuildConfiguration;
			buildSettings = {
				ALWAYS_EMBED_SWIFT_STANDARD_LIBRARIES = YES;
				CODE_SIGN_STYLE = Automatic;
				CURRENT_PROJECT_VERSION = 1;
				GENERATE_INFOPLIST_FILE = YES;
				MARKETING_VERSION = 1.0;
				PRODUCT_BUNDLE_IDENTIFIER = app.EmpowerAbilityUITests;
				PRODUCT_NAME = "$(TARGET_NAME)";
				SWIFT_EMIT_LOC_STRINGS = NO;
				SWIFT_VERSION = 5.0;
				TARGETED_DEVICE_FAMILY = "1,2";
				TEST_TARGET_NAME = EmpowerAbility;
			};
			name = Release;
		};
/* End XCBuildConfiguration section */

/* Begin XCConfigurationList section */
		C47B572E2A2C60CD00D0E8A5 /* Build configuration list for PBXProject "EmpowerAbility" */ = {
			isa = XCConfigurationList;
			buildConfigurations = (
				C47B57552A2C60D100D0E8A5 /* Debug */,
				C47B57562A2C60D100D0E8A5 /* Release */,
			);
			defaultConfigurationIsVisible = 0;
			defaultConfigurationName = Release;
		};
		C47B57572A2C60D100D0E8A5 /* Build configuration list for PBXNativeTarget "EmpowerAbility" */ = {
			isa = XCConfigurationList;
			buildConfigurations = (
				C47B57582A2C60D100D0E8A5 /* Debug */,
				C47B57592A2C60D100D0E8A5 /* Release */,
			);
			defaultConfigurationIsVisible = 0;
			defaultConfigurationName = Release;
		};
		C47B575A2A2C60D100D0E8A5 /* Build configuration list for PBXNativeTarget "EmpowerAbilityTests" */ = {
			isa = XCConfigurationList;
			buildConfigurations = (
				C47B575B2A2C60D100D0E8A5 /* Debug */,
				C47B575C2A2C60D100D0E8A5 /* Release */,
			);
			defaultConfigurationIsVisible = 0;
			defaultConfigurationName = Release;
		};
		C47B575D2A2C60D100D0E8A5 /* Build configuration list for PBXNativeTarget "EmpowerAbilityUITests" */ = {
			isa = XCConfigurationList;
			buildConfigurations = (
				C47B575E2A2C60D100D0E8A5 /* Debug */,
				C47B575F2A2C60D100D0E8A5 /* Release */,
			);
			defaultConfigurationIsVisible = 0;
			defaultConfigurationName = Release;
		};
/* End XCConfigurationList section */
	};
	rootObject = C47B572B2A2C60CD00D0E8A5 /* Project object */;
}
